
Microsoft Visual Studio Solution File, Format Version 12.00
# Visual Studio Version 17
VisualStudioVersion = 17.5.002.0
MinimumVisualStudioVersion = 10.0.40219.1
Project("{9A19103F-16F7-4668-BE54-9A1E7A4F7556}") = "smart-recruiter", "smart-recruiter\smart-recruiter.csproj", "{E85E79FC-4FF8-4A01-8056-98BF999817BC}"
EndProject
Project("{FAE04EC0-301F-11D3-BF4B-00C04F79EFBC}") = "Controllers", "Controllers\Controllers.csproj", "{4676A644-F7B9-4B85-B685-44DEB8A98BCF}"
EndProject
Project("{FAE04EC0-301F-11D3-BF4B-00C04F79EFBC}") = "Services", "Services\Services.csproj", "{EAEFDE2F-6A1E-4947-ADEB-6C8F175B21F1}"
EndProject
Project("{FAE04EC0-301F-11D3-BF4B-00C04F79EFBC}") = "Repositories", "Repositories\Repositories.csproj", "{C4203AD1-EA6E-4059-9390-91C41AA11B4A}"
EndProject
Global
	GlobalSection(SolutionConfigurationPlatforms) = preSolution
		Debug|Any CPU = Debug|Any CPU
		Release|Any CPU = Release|Any CPU
	EndGlobalSection
	GlobalSection(ProjectConfigurationPlatforms) = postSolution
		{E85E79FC-4FF8-4A01-8056-98BF999817BC}.Debug|Any CPU.ActiveCfg = Debug|Any CPU
		{E85E79FC-4FF8-4A01-8056-98BF999817BC}.Debug|Any CPU.Build.0 = Debug|Any CPU
		{E85E79FC-4FF8-4A01-8056-98BF999817BC}.Release|Any CPU.ActiveCfg = Release|Any CPU
		{E85E79FC-4FF8-4A01-8056-98BF999817BC}.Release|Any CPU.Build.0 = Release|Any CPU
		{4676A644-F7B9-4B85-B685-44DEB8A98BCF}.Debug|Any CPU.ActiveCfg = Debug|Any CPU
		{4676A644-F7B9-4B85-B685-44DEB8A98BCF}.Debug|Any CPU.Build.0 = Debug|Any CPU
		{4676A644-F7B9-4B85-B685-44DEB8A98BCF}.Release|Any CPU.ActiveCfg = Release|Any CPU
		{4676A644-F7B9-4B85-B685-44DEB8A98BCF}.Release|Any CPU.Build.0 = Release|Any CPU
		{EAEFDE2F-6A1E-4947-ADEB-6C8F175B21F1}.Debug|Any CPU.ActiveCfg = Debug|Any CPU
		{EAEFDE2F-6A1E-4947-ADEB-6C8F175B21F1}.Debug|Any CPU.Build.0 = Debug|Any CPU
		{EAEFDE2F-6A1E-4947-ADEB-6C8F175B21F1}.Release|Any CPU.ActiveCfg = Release|Any CPU
		{EAEFDE2F-6A1E-4947-ADEB-6C8F175B21F1}.Release|Any CPU.Build.0 = Release|Any CPU
		{C4203AD1-EA6E-4059-9390-91C41AA11B4A}.Debug|Any CPU.ActiveCfg = Debug|Any CPU
		{C4203AD1-EA6E-4059-9390-91C41AA11B4A}.Debug|Any CPU.Build.0 = Debug|Any CPU
		{C4203AD1-EA6E-4059-9390-91C41AA11B4A}.Release|Any CPU.ActiveCfg = Release|Any CPU
		{C4203AD1-EA6E-4059-9390-91C41AA11B4A}.Release|Any CPU.Build.0 = Release|Any CPU
	EndGlobalSection
	GlobalSection(SolutionProperties) = preSolution
		HideSolutionNode = FALSE
	EndGlobalSection
	GlobalSection(ExtensibilityGlobals) = postSolution
		SolutionGuid = {855770FF-A56C-43B6-9CCD-BF7AE3FA37D7}
	EndGlobalSection
EndGlobal
